
Microsoft Visual Studio Solution File, Format Version 12.00
# Visual Studio Version 17
VisualStudioVersion = 17.7.34221.43
MinimumVisualStudioVersion = 10.0.40219.1
Project("{FAE04EC0-301F-11D3-BF4B-00C04F79EFBC}") = "MemberShip.Web", "MemberShip.Web\MemberShip.Web.csproj", "{696D075F-60AC-4B3A-9A15-1E8C370F5CD6}"
EndProject
Global
	GlobalSection(SolutionConfigurationPlatforms) = preSolution
		Debug|Any CPU = Debug|Any CPU
		Release|Any CPU = Release|Any CPU
	EndGlobalSection
	GlobalSection(ProjectConfigurationPlatforms) = postSolution
		{696D075F-60AC-4B3A-9A15-1E8C370F5CD6}.Debug|Any CPU.ActiveCfg = Debug|Any CPU
		{696D075F-60AC-4B3A-9A15-1E8C370F5CD6}.Debug|Any CPU.Build.0 = Debug|Any CPU
		{696D075F-60AC-4B3A-9A15-1E8C370F5CD6}.Release|Any CPU.ActiveCfg = Release|Any CPU
		{696D075F-60AC-4B3A-9A15-1E8C370F5CD6}.Release|Any CPU.Build.0 = Release|Any CPU
	EndGlobalSection
	GlobalSection(SolutionProperties) = preSolution
		HideSolutionNode = FALSE
	EndGlobalSection
	GlobalSection(ExtensibilityGlobals) = postSolution
		SolutionGuid = {A9325B76-7373-4E7F-B82C-04E9878EF2B2}
	EndGlobalSection
EndGlobal
